Microsoft Visual Studio Solution File, Format Version 12.00
# Visual Studio Version 17
VisualStudioVersion = 17.0.31903.59
MinimumVisualStudioVersion = 10.0.40219.1
Project("{FAE04EC0-301F-11D3-BF4B-00C04F79EFBC}") = "Franchise.Domain", "src\Franchise.Domain\Franchise.Domain.csproj", "{B8D69A33-8E52-4752-94C0-692BCDAAC94E}"
EndProject
Project("{FAE04EC0-301F-11D3-BF4B-00C04F79EFBC}") = "Franchise.Application", "src\Franchise.Application\Franchise.Application.csproj", "{8561C19F-F7E6-4A59-ACBB-75B1FBCB058A}"
EndProject
Project("{FAE04EC0-301F-11D3-BF4B-00C04F79EFBC}") = "Franchise.Infrastructure", "src\Franchise.Infrastructure\Franchise.Infrastructure.csproj", "{4B48BCDF-21B3-47E4-B274-13B7E9F762B8}"
EndProject
Project("{FAE04EC0-301F-11D3-BF4B-00C04F79EFBC}") = "Franchise.Api", "src\Franchise.Api\Franchise.Api.csproj", "{B7B83296-D151-409B-B801-D4222E9B8DF2}"
EndProject
Project("{FAE04EC0-301F-11D3-BF4B-00C04F79EFBC}") = "Franchise.UnitTests", "tests\Franchise.UnitTests\Franchise.UnitTests.csproj", "{DF82269E-FBFE-49A3-979F-DA6D403CFEE5}"
EndProject
Global
	GlobalSection(SolutionConfigurationPlatforms) = preSolution
		Debug|Any CPU = Debug|Any CPU
		Release|Any CPU = Release|Any CPU
	EndGlobalSection
	GlobalSection(ProjectConfigurationPlatforms) = postSolution
		{B8D69A33-8E52-4752-94C0-692BCDAAC94E}.Debug|Any CPU.ActiveCfg = Debug|Any CPU
		{B8D69A33-8E52-4752-94C0-692BCDAAC94E}.Debug|Any CPU.Build.0 = Debug|Any CPU
		{B8D69A33-8E52-4752-94C0-692BCDAAC94E}.Release|Any CPU.ActiveCfg = Release|Any CPU
		{B8D69A33-8E52-4752-94C0-692BCDAAC94E}.Release|Any CPU.Build.0 = Release|Any CPU
		{8561C19F-F7E6-4A59-ACBB-75B1FBCB058A}.Debug|Any CPU.ActiveCfg = Debug|Any CPU
		{8561C19F-F7E6-4A59-ACBB-75B1FBCB058A}.Debug|Any CPU.Build.0 = Debug|Any CPU
		{8561C19F-F7E6-4A59-ACBB-75B1FBCB058A}.Release|Any CPU.ActiveCfg = Release|Any CPU
		{8561C19F-F7E6-4A59-ACBB-75B1FBCB058A}.Release|Any CPU.Build.0 = Release|Any CPU
		{4B48BCDF-21B3-47E4-B274-13B7E9F762B8}.Debug|Any CPU.ActiveCfg = Debug|Any CPU
		{4B48BCDF-21B3-47E4-B274-13B7E9F762B8}.Debug|Any CPU.Build.0 = Debug|Any CPU
		{4B48BCDF-21B3-47E4-B274-13B7E9F762B8}.Release|Any CPU.ActiveCfg = Release|Any CPU
		{4B48BCDF-21B3-47E4-B274-13B7E9F762B8}.Release|Any CPU.Build.0 = Release|Any CPU
		{B7B83296-D151-409B-B801-D4222E9B8DF2}.Debug|Any CPU.ActiveCfg = Debug|Any CPU
		{B7B83296-D151-409B-B801-D4222E9B8DF2}.Debug|Any CPU.Build.0 = Debug|Any CPU
		{B7B83296-D151-409B-B801-D4222E9B8DF2}.Release|Any CPU.ActiveCfg = Release|Any CPU
		{B7B83296-D151-409B-B801-D4222E9B8DF2}.Release|Any CPU.Build.0 = Release|Any CPU
		{DF82269E-FBFE-49A3-979F-DA6D403CFEE5}.Debug|Any CPU.ActiveCfg = Debug|Any CPU
		{DF82269E-FBFE-49A3-979F-DA6D403CFEE5}.Debug|Any CPU.Build.0 = Debug|Any CPU
		{DF82269E-FBFE-49A3-979F-DA6D403CFEE5}.Release|Any CPU.ActiveCfg = Release|Any CPU
		{DF82269E-FBFE-49A3-979F-DA6D403CFEE5}.Release|Any CPU.Build.0 = Release|Any CPU
	EndGlobalSection
EndGlobal
